// !$*UTF8*$!
{
	archiveVersion = 1;
	classes = {
	};
	objectVersion = 51;
	objects = {

/* Begin PBXBuildFile section */
		2C989288317D72DF5CA77C7F /* Pods_Pokedex_PokedexUITests.framework in Frameworks */ = {isa = PBXBuildFile; fileRef = 9C142B8D2FA07A126CD7265C /* Pods_Pokedex_PokedexUITests.framework */; };
		93556A78241C06A8005D82DA /* AppDelegate.swift in Sources */ = {isa = PBXBuildFile; fileRef = 93556A77241C06A8005D82DA /* AppDelegate.swift */; };
		93556A7A241C06A8005D82DA /* SceneDelegate.swift in Sources */ = {isa = PBXBuildFile; fileRef = 93556A79241C06A8005D82DA /* SceneDelegate.swift */; };
		93556A7F241C06A8005D82DA /* Main.storyboard in Resources */ = {isa = PBXBuildFile; fileRef = 93556A7D241C06A8005D82DA /* Main.storyboard */; };
		93556A81241C06AC005D82DA /* Assets.xcassets in Resources */ = {isa = PBXBuildFile; fileRef = 93556A80241C06AC005D82DA /* Assets.xcassets */; };
		93556A84241C06AC005D82DA /* LaunchScreen.storyboard in Resources */ = {isa = PBXBuildFile; fileRef = 93556A82241C06AC005D82DA /* LaunchScreen.storyboard */; };
		93556A8F241C06AD005D82DA /* PokedexTests.swift in Sources */ = {isa = PBXBuildFile; fileRef = 93556A8E241C06AD005D82DA /* PokedexTests.swift */; };
		93556A9A241C06AD005D82DA /* PokedexUITests.swift in Sources */ = {isa = PBXBuildFile; fileRef = 93556A99241C06AD005D82DA /* PokedexUITests.swift */; };
		93556AAF241C1AE2005D82DA /* PokedexVC.swift in Sources */ = {isa = PBXBuildFile; fileRef = 93556AAE241C1AE2005D82DA /* PokedexVC.swift */; };
		93556AB2241C1D36005D82DA /* NavigationView.swift in Sources */ = {isa = PBXBuildFile; fileRef = 93556AB1241C1D36005D82DA /* NavigationView.swift */; };
		93556AB4241C1D8A005D82DA /* NavigationView.xib in Resources */ = {isa = PBXBuildFile; fileRef = 93556AB3241C1D8A005D82DA /* NavigationView.xib */; };
		93556AB6241C2640005D82DA /* ItemsVC.swift in Sources */ = {isa = PBXBuildFile; fileRef = 93556AB5241C2640005D82DA /* ItemsVC.swift */; };
		93556ABB241C48DB005D82DA /* HttpManager.swift in Sources */ = {isa = PBXBuildFile; fileRef = 93556ABA241C48DB005D82DA /* HttpManager.swift */; };
		93556ABD241C4CB6005D82DA /* Pokedex.swift in Sources */ = {isa = PBXBuildFile; fileRef = 93556ABC241C4CB6005D82DA /* Pokedex.swift */; };
		93556AC1241C4F05005D82DA /* PokedexVM.swift in Sources */ = {isa = PBXBuildFile; fileRef = 93556AC0241C4F05005D82DA /* PokedexVM.swift */; };
		93556AC4241C50ED005D82DA /* UIView.swift in Sources */ = {isa = PBXBuildFile; fileRef = 93556AC3241C50ED005D82DA /* UIView.swift */; };
		93556AC6241C5126005D82DA /* UITextField.swift in Sources */ = {isa = PBXBuildFile; fileRef = 93556AC5241C5126005D82DA /* UITextField.swift */; };
		93556AC9241C54A4005D82DA /* PokedexItemTableViewCell.swift in Sources */ = {isa = PBXBuildFile; fileRef = 93556AC7241C54A4005D82DA /* PokedexItemTableViewCell.swift */; };
		93556ACA241C54A4005D82DA /* PokedexItemTableViewCell.xib in Resources */ = {isa = PBXBuildFile; fileRef = 93556AC8241C54A4005D82DA /* PokedexItemTableViewCell.xib */; };
		937B71E9241C9B78007E8F7F /* Pokemon.swift in Sources */ = {isa = PBXBuildFile; fileRef = 937B71E8241C9B78007E8F7F /* Pokemon.swift */; };
		937B71F0241CD575007E8F7F /* ItemTableViewCell.swift in Sources */ = {isa = PBXBuildFile; fileRef = 937B71EE241CD575007E8F7F /* ItemTableViewCell.swift */; };
		937B71F1241CD575007E8F7F /* ItemTableViewCell.xib in Resources */ = {isa = PBXBuildFile; fileRef = 937B71EF241CD575007E8F7F /* ItemTableViewCell.xib */; };
		937B71F5241CE254007E8F7F /* ItemVM.swift in Sources */ = {isa = PBXBuildFile; fileRef = 937B71F4241CE254007E8F7F /* ItemVM.swift */; };
		CEBA6BC6CE460B147014FBCD /* Pods_PokedexTests.framework in Frameworks */ = {isa = PBXBuildFile; fileRef = 6157281B3624D49B41D54915 /* Pods_PokedexTests.framework */; };
		E0E220276BC7F401A8AB75C5 /* Pods_Pokedex.framework in Frameworks */ = {isa = PBXBuildFile; fileRef = B41091FE0028420ABC0D953A /* Pods_Pokedex.framework */; };
/* End PBXBuildFile section */

/* Begin PBXContainerItemProxy section */
		93556A8B241C06AD005D82DA /* PBXContainerItemProxy */ = {
			isa = PBXContainerItemProxy;
			containerPortal = 93556A6C241C06A8005D82DA /* Project object */;
			proxyType = 1;
			remoteGlobalIDString = 93556A73241C06A8005D82DA;
			remoteInfo = Pokedex;
		};
		93556A96241C06AD005D82DA /* PBXContainerItemProxy */ = {
			isa = PBXContainerItemProxy;
			containerPortal = 93556A6C241C06A8005D82DA /* Project object */;
			proxyType = 1;
			remoteGlobalIDString = 93556A73241C06A8005D82DA;
			remoteInfo = Pokedex;
		};
/* End PBXContainerItemProxy section */

/* Begin PBXFileReference section */
		2EC3ED5AB0E14D2C068EA797 /* Pods-Pokedex.debug.xcconfig */ = {isa = PBXFileReference; includeInIndex = 1; lastKnownFileType = text.xcconfig; name = "Pods-Pokedex.debug.xcconfig"; path = "Target Support Files/Pods-Pokedex/Pods-Pokedex.debug.xcconfig"; sourceTree = "<group>"; };
		2FCDB8415F2572C58ABBDC56 /* Pods-Pokedex.release.xcconfig */ = {isa = PBXFileReference; includeInIndex = 1; lastKnownFileType = text.xcconfig; name = "Pods-Pokedex.release.xcconfig"; path = "Target Support Files/Pods-Pokedex/Pods-Pokedex.release.xcconfig"; sourceTree = "<group>"; };
		320D4D763309F2A2742B65CD /* Pods-PokedexTests.debug.xcconfig */ = {isa = PBXFileReference; includeInIndex = 1; lastKnownFileType = text.xcconfig; name = "Pods-PokedexTests.debug.xcconfig"; path = "Target Support Files/Pods-PokedexTests/Pods-PokedexTests.debug.xcconfig"; sourceTree = "<group>"; };
		335AFDD8A91E14E7C14CDE79 /* Pods-Pokedex-PokedexUITests.release.xcconfig */ = {isa = PBXFileReference; includeInIndex = 1; lastKnownFileType = text.xcconfig; name = "Pods-Pokedex-PokedexUITests.release.xcconfig"; path = "Target Support Files/Pods-Pokedex-PokedexUITests/Pods-Pokedex-PokedexUITests.release.xcconfig"; sourceTree = "<group>"; };
		6157281B3624D49B41D54915 /* Pods_PokedexTests.framework */ = {isa = PBXFileReference; explicitFileType = wrapper.framework; includeInIndex = 0; path = Pods_PokedexTests.framework; sourceTree = BUILT_PRODUCTS_DIR; };
		75081651427082A6E251455B /* Pods-PokedexTests.release.xcconfig */ = {isa = PBXFileReference; includeInIndex = 1; lastKnownFileType = text.xcconfig; name = "Pods-PokedexTests.release.xcconfig"; path = "Target Support Files/Pods-PokedexTests/Pods-PokedexTests.release.xcconfig"; sourceTree = "<group>"; };
		93556A74241C06A8005D82DA /* Pokedex.app */ = {isa = PBXFileReference; explicitFileType = wrapper.application; includeInIndex = 0; path = Pokedex.app; sourceTree = BUILT_PRODUCTS_DIR; };
		93556A77241C06A8005D82DA /* AppDelegate.swift */ = {isa = PBXFileReference; lastKnownFileType = sourcecode.swift; path = AppDelegate.swift; sourceTree = "<group>"; };
		93556A79241C06A8005D82DA /* SceneDelegate.swift */ = {isa = PBXFileReference; lastKnownFileType = sourcecode.swift; path = SceneDelegate.swift; sourceTree = "<group>"; };
		93556A7E241C06A8005D82DA /* Base */ = {isa = PBXFileReference; lastKnownFileType = file.storyboard; name = Base; path = Base.lproj/Main.storyboard; sourceTree = "<group>"; };
		93556A80241C06AC005D82DA /* Assets.xcassets */ = {isa = PBXFileReference; lastKnownFileType = folder.assetcatalog; path = Assets.xcassets; sourceTree = "<group>"; };
		93556A83241C06AC005D82DA /* Base */ = {isa = PBXFileReference; lastKnownFileType = file.storyboard; name = Base; path = Base.lproj/LaunchScreen.storyboard; sourceTree = "<group>"; };
		93556A85241C06AC005D82DA /* Info.plist */ = {isa = PBXFileReference; lastKnownFileType = text.plist.xml; path = Info.plist; sourceTree = "<group>"; };
		93556A8A241C06AD005D82DA /* PokedexTests.xctest */ = {isa = PBXFileReference; explicitFileType = wrapper.cfbundle; includeInIndex = 0; path = PokedexTests.xctest; sourceTree = BUILT_PRODUCTS_DIR; };
		93556A8E241C06AD005D82DA /* PokedexTests.swift */ = {isa = PBXFileReference; lastKnownFileType = sourcecode.swift; path = PokedexTests.swift; sourceTree = "<group>"; };
		93556A90241C06AD005D82DA /* Info.plist */ = {isa = PBXFileReference; lastKnownFileType = text.plist.xml; path = Info.plist; sourceTree = "<group>"; };
		93556A95241C06AD005D82DA /* PokedexUITests.xctest */ = {isa = PBXFileReference; explicitFileType = wrapper.cfbundle; includeInIndex = 0; path = PokedexUITests.xctest; sourceTree = BUILT_PRODUCTS_DIR; };
		93556A99241C06AD005D82DA /* PokedexUITests.swift */ = {isa = PBXFileReference; lastKnownFileType = sourcecode.swift; path = PokedexUITests.swift; sourceTree = "<group>"; };
		93556A9B241C06AD005D82DA /* Info.plist */ = {isa = PBXFileReference; lastKnownFileType = text.plist.xml; path = Info.plist; sourceTree = "<group>"; };
		93556AAE241C1AE2005D82DA /* PokedexVC.swift */ = {isa = PBXFileReference; lastKnownFileType = sourcecode.swift; path = PokedexVC.swift; sourceTree = "<group>"; };
		93556AB1241C1D36005D82DA /* NavigationView.swift */ = {isa = PBXFileReference; lastKnownFileType = sourcecode.swift; path = NavigationView.swift; sourceTree = "<group>"; };
		93556AB3241C1D8A005D82DA /* NavigationView.xib */ = {isa = PBXFileReference; lastKnownFileType = file.xib; path = NavigationView.xib; sourceTree = "<group>"; };
		93556AB5241C2640005D82DA /* ItemsVC.swift */ = {isa = PBXFileReference; lastKnownFileType = sourcecode.swift; path = ItemsVC.swift; sourceTree = "<group>"; };
		93556ABA241C48DB005D82DA /* HttpManager.swift */ = {isa = PBXFileReference; lastKnownFileType = sourcecode.swift; path = HttpManager.swift; sourceTree = "<group>"; };
		93556ABC241C4CB6005D82DA /* Pokedex.swift */ = {isa = PBXFileReference; lastKnownFileType = sourcecode.swift; path = Pokedex.swift; sourceTree = "<group>"; };
		93556AC0241C4F05005D82DA /* PokedexVM.swift */ = {isa = PBXFileReference; lastKnownFileType = sourcecode.swift; path = PokedexVM.swift; sourceTree = "<group>"; };
		93556AC3241C50ED005D82DA /* UIView.swift */ = {isa = PBXFileReference; lastKnownFileType = sourcecode.swift; path = UIView.swift; sourceTree = "<group>"; };
		93556AC5241C5126005D82DA /* UITextField.swift */ = {isa = PBXFileReference; lastKnownFileType = sourcecode.swift; path = UITextField.swift; sourceTree = "<group>"; };
		93556AC7241C54A4005D82DA /* PokedexItemTableViewCell.swift */ = {isa = PBXFileReference; lastKnownFileType = sourcecode.swift; path = PokedexItemTableViewCell.swift; sourceTree = "<group>"; };
		93556AC8241C54A4005D82DA /* PokedexItemTableViewCell.xib */ = {isa = PBXFileReference; lastKnownFileType = file.xib; path = PokedexItemTableViewCell.xib; sourceTree = "<group>"; };
		937B71E8241C9B78007E8F7F /* Pokemon.swift */ = {isa = PBXFileReference; lastKnownFileType = sourcecode.swift; path = Pokemon.swift; sourceTree = "<group>"; };
		937B71EE241CD575007E8F7F /* ItemTableViewCell.swift */ = {isa = PBXFileReference; lastKnownFileType = sourcecode.swift; path = ItemTableViewCell.swift; sourceTree = "<group>"; };
		937B71EF241CD575007E8F7F /* ItemTableViewCell.xib */ = {isa = PBXFileReference; lastKnownFileType = file.xib; path = ItemTableViewCell.xib; sourceTree = "<group>"; };
		937B71F4241CE254007E8F7F /* ItemVM.swift */ = {isa = PBXFileReference; lastKnownFileType = sourcecode.swift; path = ItemVM.swift; sourceTree = "<group>"; };
		9C142B8D2FA07A126CD7265C /* Pods_Pokedex_PokedexUITests.framework */ = {isa = PBXFileReference; explicitFileType = wrapper.framework; includeInIndex = 0; path = Pods_Pokedex_PokedexUITests.framework; sourceTree = BUILT_PRODUCTS_DIR; };
		B41091FE0028420ABC0D953A /* Pods_Pokedex.framework */ = {isa = PBXFileReference; explicitFileType = wrapper.framework; includeInIndex = 0; path = Pods_Pokedex.framework; sourceTree = BUILT_PRODUCTS_DIR; };
		B9BB6D33692D19B4C65E5F85 /* Pods-Pokedex-PokedexUITests.debug.xcconfig */ = {isa = PBXFileReference; includeInIndex = 1; lastKnownFileType = text.xcconfig; name = "Pods-Pokedex-PokedexUITests.debug.xcconfig"; path = "Target Support Files/Pods-Pokedex-PokedexUITests/Pods-Pokedex-PokedexUITests.debug.xcconfig"; sourceTree = "<group>"; };
/* End PBXFileReference section */

/* Begin PBXFrameworksBuildPhase section */
		93556A71241C06A8005D82DA /* Frameworks */ = {
			isa = PBXFrameworksBuildPhase;
			buildActionMask = 2147483647;
			files = (
				E0E220276BC7F401A8AB75C5 /* Pods_Pokedex.framework in Frameworks */,
			);
			runOnlyForDeploymentPostprocessing = 0;
		};
		93556A87241C06AD005D82DA /* Frameworks */ = {
			isa = PBXFrameworksBuildPhase;
			buildActionMask = 2147483647;
			files = (
				CEBA6BC6CE460B147014FBCD /* Pods_PokedexTests.framework in Frameworks */,
			);
			runOnlyForDeploymentPostprocessing = 0;
		};
		93556A92241C06AD005D82DA /* Frameworks */ = {
			isa = PBXFrameworksBuildPhase;
			buildActionMask = 2147483647;
			files = (
				2C989288317D72DF5CA77C7F /* Pods_Pokedex_PokedexUITests.framework in Frameworks */,
			);
			runOnlyForDeploymentPostprocessing = 0;
		};
/* End PBXFrameworksBuildPhase section */

/* Begin PBXGroup section */
		14661CC3D7293730E7D9D65C /* Frameworks */ = {
			isa = PBXGroup;
			children = (
				B41091FE0028420ABC0D953A /* Pods_Pokedex.framework */,
				9C142B8D2FA07A126CD7265C /* Pods_Pokedex_PokedexUITests.framework */,
				6157281B3624D49B41D54915 /* Pods_PokedexTests.framework */,
			);
			name = Frameworks;
			sourceTree = "<group>";
		};
		89D48972975F52C54CE42BEF /* Pods */ = {
			isa = PBXGroup;
			children = (
				2EC3ED5AB0E14D2C068EA797 /* Pods-Pokedex.debug.xcconfig */,
				2FCDB8415F2572C58ABBDC56 /* Pods-Pokedex.release.xcconfig */,
				B9BB6D33692D19B4C65E5F85 /* Pods-Pokedex-PokedexUITests.debug.xcconfig */,
				335AFDD8A91E14E7C14CDE79 /* Pods-Pokedex-PokedexUITests.release.xcconfig */,
				320D4D763309F2A2742B65CD /* Pods-PokedexTests.debug.xcconfig */,
				75081651427082A6E251455B /* Pods-PokedexTests.release.xcconfig */,
			);
			path = Pods;
			sourceTree = "<group>";
		};
		93556A6B241C06A8005D82DA = {
			isa = PBXGroup;
			children = (
				93556A76241C06A8005D82DA /* Pokedex */,
				93556A8D241C06AD005D82DA /* PokedexTests */,
				93556A98241C06AD005D82DA /* PokedexUITests */,
				93556A75241C06A8005D82DA /* Products */,
				89D48972975F52C54CE42BEF /* Pods */,
				14661CC3D7293730E7D9D65C /* Frameworks */,
			);
			sourceTree = "<group>";
		};
		93556A75241C06A8005D82DA /* Products */ = {
			isa = PBXGroup;
			children = (
				93556A74241C06A8005D82DA /* Pokedex.app */,
				93556A8A241C06AD005D82DA /* PokedexTests.xctest */,
				93556A95241C06AD005D82DA /* PokedexUITests.xctest */,
			);
			name = Products;
			sourceTree = "<group>";
		};
		93556A76241C06A8005D82DA /* Pokedex */ = {
			isa = PBXGroup;
			children = (
				93556AC2241C50CB005D82DA /* HelperViews */,
				93556AB9241C3837005D82DA /* Manager */,
				93556AAD241C1A7E005D82DA /* ViewModel */,
				93556AAC241C1A78005D82DA /* Model */,
				93556AAB241C1A65005D82DA /* View */,
				93556A77241C06A8005D82DA /* AppDelegate.swift */,
				93556A79241C06A8005D82DA /* SceneDelegate.swift */,
				93556A7D241C06A8005D82DA /* Main.storyboard */,
				93556A80241C06AC005D82DA /* Assets.xcassets */,
				93556A82241C06AC005D82DA /* LaunchScreen.storyboard */,
				93556A85241C06AC005D82DA /* Info.plist */,
			);
			path = Pokedex;
			sourceTree = "<group>";
		};
		93556A8D241C06AD005D82DA /* PokedexTests */ = {
			isa = PBXGroup;
			children = (
				93556A8E241C06AD005D82DA /* PokedexTests.swift */,
				93556A90241C06AD005D82DA /* Info.plist */,
			);
			path = PokedexTests;
			sourceTree = "<group>";
		};
		93556A98241C06AD005D82DA /* PokedexUITests */ = {
			isa = PBXGroup;
			children = (
				93556A99241C06AD005D82DA /* PokedexUITests.swift */,
				93556A9B241C06AD005D82DA /* Info.plist */,
			);
			path = PokedexUITests;
			sourceTree = "<group>";
		};
		93556AAB241C1A65005D82DA /* View */ = {
			isa = PBXGroup;
			children = (
				937B71EC241CCB89007E8F7F /* ItemsVC */,
				93556AB7241C3791005D82DA /* PokedexVC */,
				93556AB0241C1D09005D82DA /* NavigationView */,
			);
			path = View;
			sourceTree = "<group>";
		};
		93556AAC241C1A78005D82DA /* Model */ = {
			isa = PBXGroup;
			children = (
				93556ABC241C4CB6005D82DA /* Pokedex.swift */,
				937B71E8241C9B78007E8F7F /* Pokemon.swift */,
			);
			path = Model;
			sourceTree = "<group>";
		};
		93556AAD241C1A7E005D82DA /* ViewModel */ = {
			isa = PBXGroup;
			children = (
				93556AC0241C4F05005D82DA /* PokedexVM.swift */,
				937B71F4241CE254007E8F7F /* ItemVM.swift */,
			);
			path = ViewModel;
			sourceTree = "<group>";
		};
		93556AB0241C1D09005D82DA /* NavigationView */ = {
			isa = PBXGroup;
			children = (
				93556AB1241C1D36005D82DA /* NavigationView.swift */,
				93556AB3241C1D8A005D82DA /* NavigationView.xib */,
			);
			path = NavigationView;
			sourceTree = "<group>";
		};
		93556AB7241C3791005D82DA /* PokedexVC */ = {
			isa = PBXGroup;
			children = (
				93556AB8241C37A1005D82DA /* table */,
				93556AAE241C1AE2005D82DA /* PokedexVC.swift */,
			);
			path = PokedexVC;
			sourceTree = "<group>";
		};
		93556AB8241C37A1005D82DA /* table */ = {
			isa = PBXGroup;
			children = (
				93556AC7241C54A4005D82DA /* PokedexItemTableViewCell.swift */,
				93556AC8241C54A4005D82DA /* PokedexItemTableViewCell.xib */,
			);
			path = table;
			sourceTree = "<group>";
		};
		93556AB9241C3837005D82DA /* Manager */ = {
			isa = PBXGroup;
			children = (
				93556ABA241C48DB005D82DA /* HttpManager.swift */,
			);
			path = Manager;
			sourceTree = "<group>";
		};
		93556AC2241C50CB005D82DA /* HelperViews */ = {
			isa = PBXGroup;
			children = (
				93556AC3241C50ED005D82DA /* UIView.swift */,
				93556AC5241C5126005D82DA /* UITextField.swift */,
			);
			path = HelperViews;
			sourceTree = "<group>";
		};
		937B71EC241CCB89007E8F7F /* ItemsVC */ = {
			isa = PBXGroup;
			children = (
				937B71ED241CD4E4007E8F7F /* table */,
				93556AB5241C2640005D82DA /* ItemsVC.swift */,
			);
			path = ItemsVC;
			sourceTree = "<group>";
		};
		937B71ED241CD4E4007E8F7F /* table */ = {
			isa = PBXGroup;
			children = (
				937B71EE241CD575007E8F7F /* ItemTableViewCell.swift */,
				937B71EF241CD575007E8F7F /* ItemTableViewCell.xib */,
			);
			path = table;
			sourceTree = "<group>";
		};
/* End PBXGroup section */

/* Begin PBXNativeTarget section */
		93556A73241C06A8005D82DA /* Pokedex */ = {
			isa = PBXNativeTarget;
			buildConfigurationList = 93556A9E241C06AD005D82DA /* Build configuration list for PBXNativeTarget "Pokedex" */;
			buildPhases = (
				53C437DF1BEE566C8DC30B91 /* [CP] Check Pods Manifest.lock */,
				93556A70241C06A8005D82DA /* Sources */,
				93556A71241C06A8005D82DA /* Frameworks */,
				93556A72241C06A8005D82DA /* Resources */,
				64A8C0BDDC02BD333FC0D955 /* [CP] Embed Pods Frameworks */,
			);
			buildRules = (
			);
			dependencies = (
			);
			name = Pokedex;
			productName = Pokedex;
			productReference = 93556A74241C06A8005D82DA /* Pokedex.app */;
			productType = "com.apple.product-type.application";
		};
		93556A89241C06AD005D82DA /* PokedexTests */ = {
			isa = PBXNativeTarget;
			buildConfigurationList = 93556AA1241C06AD005D82DA /* Build configuration list for PBXNativeTarget "PokedexTests" */;
			buildPhases = (
				9683B97BAB17B5451F24685E /* [CP] Check Pods Manifest.lock */,
				93556A86241C06AD005D82DA /* Sources */,
				93556A87241C06AD005D82DA /* Frameworks */,
				93556A88241C06AD005D82DA /* Resources */,
			);
			buildRules = (
			);
			dependencies = (
				93556A8C241C06AD005D82DA /* PBXTargetDependency */,
			);
			name = PokedexTests;
			productName = PokedexTests;
			productReference = 93556A8A241C06AD005D82DA /* PokedexTests.xctest */;
			productType = "com.apple.product-type.bundle.unit-test";
		};
		93556A94241C06AD005D82DA /* PokedexUITests */ = {
			isa = PBXNativeTarget;
			buildConfigurationList = 93556AA4241C06AD005D82DA /* Build configuration list for PBXNativeTarget "PokedexUITests" */;
			buildPhases = (
				684E518738A70D66E484154F /* [CP] Check Pods Manifest.lock */,
				93556A91241C06AD005D82DA /* Sources */,
				93556A92241C06AD005D82DA /* Frameworks */,
				93556A93241C06AD005D82DA /* Resources */,
				4391C92C4AD69B98B42CC66A /* [CP] Embed Pods Frameworks */,
			);
			buildRules = (
			);
			dependencies = (
				93556A97241C06AD005D82DA /* PBXTargetDependency */,
			);
			name = PokedexUITests;
			productName = PokedexUITests;
			productReference = 93556A95241C06AD005D82DA /* PokedexUITests.xctest */;
			productType = "com.apple.product-type.bundle.ui-testing";
		};
/* End PBXNativeTarget section */

/* Begin PBXProject section */
		93556A6C241C06A8005D82DA /* Project object */ = {
			isa = PBXProject;
			attributes = {
				LastSwiftUpdateCheck = 1130;
				LastUpgradeCheck = 1130;
				ORGANIZATIONNAME = "Juan Navarro";
				TargetAttributes = {
					93556A73241C06A8005D82DA = {
						CreatedOnToolsVersion = 11.3;
					};
					93556A89241C06AD005D82DA = {
						CreatedOnToolsVersion = 11.3;
						TestTargetID = 93556A73241C06A8005D82DA;
					};
					93556A94241C06AD005D82DA = {
						CreatedOnToolsVersion = 11.3;
						TestTargetID = 93556A73241C06A8005D82DA;
					};
				};
			};
			buildConfigurationList = 93556A6F241C06A8005D82DA /* Build configuration list for PBXProject "Pokedex" */;
			compatibilityVersion = "Xcode 9.3";
			developmentRegion = en;
			hasScannedForEncodings = 0;
			knownRegions = (
				en,
				Base,
			);
			mainGroup = 93556A6B241C06A8005D82DA;
			productRefGroup = 93556A75241C06A8005D82DA /* Products */;
			projectDirPath = "";
			projectRoot = "";
			targets = (
				93556A73241C06A8005D82DA /* Pokedex */,
				93556A89241C06AD005D82DA /* PokedexTests */,
				93556A94241C06AD005D82DA /* PokedexUITests */,
			);
		};
/* End PBXProject section */

/* Begin PBXResourcesBuildPhase section */
		93556A72241C06A8005D82DA /* Resources */ = {
			isa = PBXResourcesBuildPhase;
			buildActionMask = 2147483647;
			files = (
				93556A84241C06AC005D82DA /* LaunchScreen.storyboard in Resources */,
				93556A81241C06AC005D82DA /* Assets.xcassets in Resources */,
				93556AB4241C1D8A005D82DA /* NavigationView.xib in Resources */,
				93556A7F241C06A8005D82DA /* Main.storyboard in Resources */,
				937B71F1241CD575007E8F7F /* ItemTableViewCell.xib in Resources */,
				93556ACA241C54A4005D82DA /* PokedexItemTableViewCell.xib in Resources */,
			);
			runOnlyForDeploymentPostprocessing = 0;
		};
		93556A88241C06AD005D82DA /* Resources */ = {
			isa = PBXResourcesBuildPhase;
			buildActionMask = 2147483647;
			files = (
			);
			runOnlyForDeploymentPostprocessing = 0;
		};
		93556A93241C06AD005D82DA /* Resources */ = {
			isa = PBXResourcesBuildPhase;
			buildActionMask = 2147483647;
			files = (
			);
			runOnlyForDeploymentPostprocessing = 0;
		};
/* End PBXResourcesBuildPhase section */

/* Begin PBXShellScriptBuildPhase section */
		4391C92C4AD69B98B42CC66A /* [CP] Embed Pods Frameworks */ = {
			isa = PBXShellScriptBuildPhase;
			buildActionMask = 2147483647;
			files = (
			);
			inputFileListPaths = (
				"${PODS_ROOT}/Target Support Files/Pods-Pokedex-PokedexUITests/Pods-Pokedex-PokedexUITests-frameworks-${CONFIGURATION}-input-files.xcfilelist",
			);
			name = "[CP] Embed Pods Frameworks";
			outputFileListPaths = (
				"${PODS_ROOT}/Target Support Files/Pods-Pokedex-PokedexUITests/Pods-Pokedex-PokedexUITests-frameworks-${CONFIGURATION}-output-files.xcfilelist",
			);
			runOnlyForDeploymentPostprocessing = 0;
			shellPath = /bin/sh;
			shellScript = "\"${PODS_ROOT}/Target Support Files/Pods-Pokedex-PokedexUITests/Pods-Pokedex-PokedexUITests-frameworks.sh\"\n";
			showEnvVarsInLog = 0;
		};
		53C437DF1BEE566C8DC30B91 /* [CP] Check Pods Manifest.lock */ = {
			isa = PBXShellScriptBuildPhase;
			buildActionMask = 2147483647;
			files = (
			);
			inputFileListPaths = (
			);
			inputPaths = (
				"${PODS_PODFILE_DIR_PATH}/Podfile.lock",
				"${PODS_ROOT}/Manifest.lock",
			);
			name = "[CP] Check Pods Manifest.lock";
			outputFileListPaths = (
			);
			outputPaths = (
				"$(DERIVED_FILE_DIR)/Pods-Pokedex-checkManifestLockResult.txt",
			);
			runOnlyForDeploymentPostprocessing = 0;
			shellPath = /bin/sh;
			shellScript = "diff \"${PODS_PODFILE_DIR_PATH}/Podfile.lock\" \"${PODS_ROOT}/Manifest.lock\" > /dev/null\nif [ $? != 0 ] ; then\n    # print error to STDERR\n    echo \"error: The sandbox is not in sync with the Podfile.lock. Run 'pod install' or update your CocoaPods installation.\" >&2\n    exit 1\nfi\n# This output is used by Xcode 'outputs' to avoid re-running this script phase.\necho \"SUCCESS\" > \"${SCRIPT_OUTPUT_FILE_0}\"\n";
			showEnvVarsInLog = 0;
		};
		64A8C0BDDC02BD333FC0D955 /* [CP] Embed Pods Frameworks */ = {
			isa = PBXShellScriptBuildPhase;
			buildActionMask = 2147483647;
			files = (
			);
			inputFileListPaths = (
				"${PODS_ROOT}/Target Support Files/Pods-Pokedex/Pods-Pokedex-frameworks-${CONFIGURATION}-input-files.xcfilelist",
			);
			name = "[CP] Embed Pods Frameworks";
			outputFileListPaths = (
				"${PODS_ROOT}/Target Support Files/Pods-Pokedex/Pods-Pokedex-frameworks-${CONFIGURATION}-output-files.xcfilelist",
			);
			runOnlyForDeploymentPostprocessing = 0;
			shellPath = /bin/sh;
			shellScript = "\"${PODS_ROOT}/Target Support Files/Pods-Pokedex/Pods-Pokedex-frameworks.sh\"\n";
			showEnvVarsInLog = 0;
		};
		684E518738A70D66E484154F /* [CP] Check Pods Manifest.lock */ = {
			isa = PBXShellScriptBuildPhase;
			buildActionMask = 2147483647;
			files = (
			);
			inputFileListPaths = (
			);
			inputPaths = (
				"${PODS_PODFILE_DIR_PATH}/Podfile.lock",
				"${PODS_ROOT}/Manifest.lock",
			);
			name = "[CP] Check Pods Manifest.lock";
			outputFileListPaths = (
			);
			outputPaths = (
				"$(DERIVED_FILE_DIR)/Pods-Pokedex-PokedexUITests-checkManifestLockResult.txt",
			);
			runOnlyForDeploymentPostprocessing = 0;
			shellPath = /bin/sh;
			shellScript = "diff \"${PODS_PODFILE_DIR_PATH}/Podfile.lock\" \"${PODS_ROOT}/Manifest.lock\" > /dev/null\nif [ $? != 0 ] ; then\n    # print error to STDERR\n    echo \"error: The sandbox is not in sync with the Podfile.lock. Run 'pod install' or update your CocoaPods installation.\" >&2\n    exit 1\nfi\n# This output is used by Xcode 'outputs' to avoid re-running this script phase.\necho \"SUCCESS\" > \"${SCRIPT_OUTPUT_FILE_0}\"\n";
			showEnvVarsInLog = 0;
		};
		9683B97BAB17B5451F24685E /* [CP] Check Pods Manifest.lock */ = {
			isa = PBXShellScriptBuildPhase;
			buildActionMask = 2147483647;
			files = (
			);
			inputFileListPaths = (
			);
			inputPaths = (
				"${PODS_PODFILE_DIR_PATH}/Podfile.lock",
				"${PODS_ROOT}/Manifest.lock",
			);
			name = "[CP] Check Pods Manifest.lock";
			outputFileListPaths = (
			);
			outputPaths = (
				"$(DERIVED_FILE_DIR)/Pods-PokedexTests-checkManifestLockResult.txt",
			);
			runOnlyForDeploymentPostprocessing = 0;
			shellPath = /bin/sh;
			shellScript = "diff \"${PODS_PODFILE_DIR_PATH}/Podfile.lock\" \"${PODS_ROOT}/Manifest.lock\" > /dev/null\nif [ $? != 0 ] ; then\n    # print error to STDERR\n    echo \"error: The sandbox is not in sync with the Podfile.lock. Run 'pod install' or update your CocoaPods installation.\" >&2\n    exit 1\nfi\n# This output is used by Xcode 'outputs' to avoid re-running this script phase.\necho \"SUCCESS\" > \"${SCRIPT_OUTPUT_FILE_0}\"\n";
			showEnvVarsInLog = 0;
		};
/* End PBXShellScriptBuildPhase section */

/* Begin PBXSourcesBuildPhase section */
		93556A70241C06A8005D82DA /* Sources */ = {
			isa = PBXSourcesBuildPhase;
			buildActionMask = 2147483647;
			files = (
				93556AAF241C1AE2005D82DA /* PokedexVC.swift in Sources */,
				93556AC6241C5126005D82DA /* UITextField.swift in Sources */,
				93556ABD241C4CB6005D82DA /* Pokedex.swift in Sources */,
				93556AC4241C50ED005D82DA /* UIView.swift in Sources */,
				93556ABB241C48DB005D82DA /* HttpManager.swift in Sources */,
				937B71E9241C9B78007E8F7F /* Pokemon.swift in Sources */,
				937B71F0241CD575007E8F7F /* ItemTableViewCell.swift in Sources */,
				93556AC1241C4F05005D82DA /* PokedexVM.swift in Sources */,
				93556AB6241C2640005D82DA /* ItemsVC.swift in Sources */,
				93556AC9241C54A4005D82DA /* PokedexItemTableViewCell.swift in Sources */,
				93556AB2241C1D36005D82DA /* NavigationView.swift in Sources */,
				93556A78241C06A8005D82DA /* AppDelegate.swift in Sources */,
				93556A7A241C06A8005D82DA /* SceneDelegate.swift in Sources */,
				937B71F5241CE254007E8F7F /* ItemVM.swift in Sources */,
			);
			runOnlyForDeploymentPostprocessing = 0;
		};
		93556A86241C06AD005D82DA /* Sources */ = {
			isa = PBXSourcesBuildPhase;
			buildActionMask = 2147483647;
			files = (
				93556A8F241C06AD005D82DA /* PokedexTests.swift in Sources */,
			);
			runOnlyForDeploymentPostprocessing = 0;
		};
		93556A91241C06AD005D82DA /* Sources */ = {
			isa = PBXSourcesBuildPhase;
			buildActionMask = 2147483647;
			files = (
				93556A9A241C06AD005D82DA /* PokedexUITests.swift in Sources */,
			);
			runOnlyForDeploymentPostprocessing = 0;
		};
/* End PBXSourcesBuildPhase section */

/* Begin PBXTargetDependency section */
		93556A8C241C06AD005D82DA /* PBXTargetDependency */ = {
			isa = PBXTargetDependency;
			target = 93556A73241C06A8005D82DA /* Pokedex */;
			targetProxy = 93556A8B241C06AD005D82DA /* PBXContainerItemProxy */;
		};
		93556A97241C06AD005D82DA /* PBXTargetDependency */ = {
			isa = PBXTargetDependency;
			target = 93556A73241C06A8005D82DA /* Pokedex */;
			targetProxy = 93556A96241C06AD005D82DA /* PBXContainerItemProxy */;
		};
/* End PBXTargetDependency section */

/* Begin PBXVariantGroup section */
		93556A7D241C06A8005D82DA /* Main.storyboard */ = {
			isa = PBXVariantGroup;
			children = (
				93556A7E241C06A8005D82DA /* Base */,
			);
			name = Main.storyboard;
			sourceTree = "<group>";
		};
		93556A82241C06AC005D82DA /* LaunchScreen.storyboard */ = {
			isa = PBXVariantGroup;
			children = (
				93556A83241C06AC005D82DA /* Base */,
			);
			name = LaunchScreen.storyboard;
			sourceTree = "<group>";
		};
/* End PBXVariantGroup section */

/* Begin XCBuildConfiguration section */
		93556A9C241C06AD005D82DA /* Debug */ = {
			isa = XCBuildConfiguration;
			buildSettings = {
				ALWAYS_SEARCH_USER_PATHS = NO;
				CLANG_ANALYZER_NONNULL = YES;
				CLANG_ANALYZER_NUMBER_OBJECT_CONVERSION = YES_AGGRESSIVE;
				CLANG_CXX_LANGUAGE_STANDARD = "gnu++14";
				CLANG_CXX_LIBRARY = "libc++";
				CLANG_ENABLE_MODULES = YES;
				CLANG_ENABLE_OBJC_ARC = YES;
				CLANG_ENABLE_OBJC_WEAK = YES;
				CLANG_WARN_BLOCK_CAPTURE_AUTORELEASING = YES;
				CLANG_WARN_BOOL_CONVERSION = YES;
				CLANG_WARN_COMMA = YES;
				CLANG_WARN_CONSTANT_CONVERSION = YES;
				CLANG_WARN_DEPRECATED_OBJC_IMPLEMENTATIONS = YES;
				CLANG_WARN_DIRECT_OBJC_ISA_USAGE = YES_ERROR;
				CLANG_WARN_DOCUMENTATION_COMMENTS = YES;
				CLANG_WARN_EMPTY_BODY = YES;
				CLANG_WARN_ENUM_CONVERSION = YES;
				CLANG_WARN_INFINITE_RECURSION = YES;
				CLANG_WARN_INT_CONVERSION = YES;
				CLANG_WARN_NON_LITERAL_NULL_CONVERSION = YES;
				CLANG_WARN_OBJC_IMPLICIT_RETAIN_SELF = YES;
				CLANG_WARN_OBJC_LITERAL_CONVERSION = YES;
				CLANG_WARN_OBJC_ROOT_CLASS = YES_ERROR;
				CLANG_WARN_RANGE_LOOP_ANALYSIS = YES;
				CLANG_WARN_STRICT_PROTOTYPES = YES;
				CLANG_WARN_SUSPICIOUS_MOVE = YES;
				CLANG_WARN_UNGUARDED_AVAILABILITY = YES_AGGRESSIVE;
				CLANG_WARN_UNREACHABLE_CODE = YES;
				CLANG_WARN__DUPLICATE_METHOD_MATCH = YES;
				COPY_PHASE_STRIP = NO;
				DEBUG_INFORMATION_FORMAT = dwarf;
				ENABLE_STRICT_OBJC_MSGSEND = YES;
				ENABLE_TESTABILITY = YES;
				GCC_C_LANGUAGE_STANDARD = gnu11;
				GCC_DYNAMIC_NO_PIC = NO;
				GCC_NO_COMMON_BLOCKS = YES;
				GCC_OPTIMIZATION_LEVEL = 0;
				GCC_PREPROCESSOR_DEFINITIONS = (
					"DEBUG=1",
					"$(inherited)",
				);
				GCC_WARN_64_TO_32_BIT_CONVERSION = YES;
				GCC_WARN_ABOUT_RETURN_TYPE = YES_ERROR;
				GCC_WARN_UNDECLARED_SELECTOR = YES;
				GCC_WARN_UNINITIALIZED_AUTOS = YES_AGGRESSIVE;
				GCC_WARN_UNUSED_FUNCTION = YES;
				GCC_WARN_UNUSED_VARIABLE = YES;
				IPHONEOS_DEPLOYMENT_TARGET = 13.2;
				MTL_ENABLE_DEBUG_INFO = INCLUDE_SOURCE;
				MTL_FAST_MATH = YES;
				ONLY_ACTIVE_ARCH = YES;
				SDKROOT = iphoneos;
				SWIFT_ACTIVE_COMPILATION_CONDITIONS = DEBUG;
				SWIFT_OPTIMIZATION_LEVEL = "-Onone";
			};
			name = Debug;
		};
		93556A9D241C06AD005D82DA /* Release */ = {
			isa = XCBuildConfiguration;
			buildSettings = {
				ALWAYS_SEARCH_USER_PATHS = NO;
				CLANG_ANALYZER_NONNULL = YES;
				CLANG_ANALYZER_NUMBER_OBJECT_CONVERSION = YES_AGGRESSIVE;
				CLANG_CXX_LANGUAGE_STANDARD = "gnu++14";
				CLANG_CXX_LIBRARY = "libc++";
				CLANG_ENABLE_MODULES = YES;
				CLANG_ENABLE_OBJC_ARC = YES;
				CLANG_ENABLE_OBJC_WEAK = YES;
				CLANG_WARN_BLOCK_CAPTURE_AUTORELEASING = YES;
				CLANG_WARN_BOOL_CONVERSION = YES;
				CLANG_WARN_COMMA = YES;
				CLANG_WARN_CONSTANT_CONVERSION = YES;
				CLANG_WARN_DEPRECATED_OBJC_IMPLEMENTATIONS = YES;
				CLANG_WARN_DIRECT_OBJC_ISA_USAGE = YES_ERROR;
				CLANG_WARN_DOCUMENTATION_COMMENTS = YES;
				CLANG_WARN_EMPTY_BODY = YES;
				CLANG_WARN_ENUM_CONVERSION = YES;
				CLANG_WARN_INFINITE_RECURSION = YES;
				CLANG_WARN_INT_CONVERSION = YES;
				CLANG_WARN_NON_LITERAL_NULL_CONVERSION = YES;
				CLANG_WARN_OBJC_IMPLICIT_RETAIN_SELF = YES;
				CLANG_WARN_OBJC_LITERAL_CONVERSION = YES;
				CLANG_WARN_OBJC_ROOT_CLASS = YES_ERROR;
				CLANG_WARN_RANGE_LOOP_ANALYSIS = YES;
				CLANG_WARN_STRICT_PROTOTYPES = YES;
				CLANG_WARN_SUSPICIOUS_MOVE = YES;
				CLANG_WARN_UNGUARDED_AVAILABILITY = YES_AGGRESSIVE;
				CLANG_WARN_UNREACHABLE_CODE = YES;
				CLANG_WARN__DUPLICATE_METHOD_MATCH = YES;
				COPY_PHASE_STRIP = NO;
				DEBUG_INFORMATION_FORMAT = "dwarf-with-dsym";
				ENABLE_NS_ASSERTIONS = NO;
				ENABLE_STRICT_OBJC_MSGSEND = YES;
				GCC_C_LANGUAGE_STANDARD = gnu11;
				GCC_NO_COMMON_BLOCKS = YES;
				GCC_WARN_64_TO_32_BIT_CONVERSION = YES;
				GCC_WARN_ABOUT_RETURN_TYPE = YES_ERROR;
				GCC_WARN_UNDECLARED_SELECTOR = YES;
				GCC_WARN_UNINITIALIZED_AUTOS = YES_AGGRESSIVE;
				GCC_WARN_UNUSED_FUNCTION = YES;
				GCC_WARN_UNUSED_VARIABLE = YES;
				IPHONEOS_DEPLOYMENT_TARGET = 13.2;
				MTL_ENABLE_DEBUG_INFO = NO;
				MTL_FAST_MATH = YES;
				SDKROOT = iphoneos;
				SWIFT_COMPILATION_MODE = wholemodule;
				SWIFT_OPTIMIZATION_LEVEL = "-O";
				VALIDATE_PRODUCT = YES;
			};
			name = Release;
		};
		93556A9F241C06AD005D82DA /* Debug */ = {
			isa = XCBuildConfiguration;
			baseConfigurationReference = 2EC3ED5AB0E14D2C068EA797 /* Pods-Pokedex.debug.xcconfig */;
			buildSettings = {
				ASSETCATALOG_COMPILER_APPICON_NAME = AppIcon;
				CODE_SIGN_STYLE = Automatic;
				INFOPLIST_FILE = Pokedex/Info.plist;
				LD_RUNPATH_SEARCH_PATHS = (
					"$(inherited)",
					"@executable_path/Frameworks",
				);
				PRODUCT_BUNDLE_IDENTIFIER = com.kshone.Pokedex;
				PRODUCT_NAME = "$(TARGET_NAME)";
				SWIFT_VERSION = 5.0;
				TARGETED_DEVICE_FAMILY = "1,2";
			};
			name = Debug;
		};
		93556AA0241C06AD005D82DA /* Release */ = {
			isa = XCBuildConfiguration;
			baseConfigurationReference = 2FCDB8415F2572C58ABBDC56 /* Pods-Pokedex.release.xcconfig */;
			buildSettings = {
				ASSETCATALOG_COMPILER_APPICON_NAME = AppIcon;
				CODE_SIGN_STYLE = Automatic;
				INFOPLIST_FILE = Pokedex/Info.plist;
				LD_RUNPATH_SEARCH_PATHS = (
					"$(inherited)",
					"@executable_path/Frameworks",
				);
				PRODUCT_BUNDLE_IDENTIFIER = com.kshone.Pokedex;
				PRODUCT_NAME = "$(TARGET_NAME)";
				SWIFT_VERSION = 5.0;
				TARGETED_DEVICE_FAMILY = "1,2";
			};
			name = Release;
		};
		93556AA2241C06AD005D82DA /* Debug */ = {
			isa = XCBuildConfiguration;
			baseConfigurationReference = 320D4D763309F2A2742B65CD /* Pods-PokedexTests.debug.xcconfig */;
			buildSettings = {
				ALWAYS_EMBED_SWIFT_STANDARD_LIBRARIES = "$(inherited)";
				BUNDLE_LOADER = "$(TEST_HOST)";
				CODE_SIGN_STYLE = Automatic;
				INFOPLIST_FILE = PokedexTests/Info.plist;
				IPHONEOS_DEPLOYMENT_TARGET = 13.2;
				LD_RUNPATH_SEARCH_PATHS = (
					"$(inherited)",
					"@executable_path/Frameworks",
					"@loader_path/Frameworks",
				);
				PRODUCT_BUNDLE_IDENTIFIER = com.kshone.PokedexTests;
				PRODUCT_NAME = "$(TARGET_NAME)";
				SWIFT_VERSION = 5.0;
				TARGETED_DEVICE_FAMILY = "1,2";
				TEST_HOST = "$(BUILT_PRODUCTS_DIR)/Pokedex.app/Pokedex";
			};
			name = Debug;
		};
		93556AA3241C06AD005D82DA /* Release */ = {
			isa = XCBuildConfiguration;
			baseConfigurationReference = 75081651427082A6E251455B /* Pods-PokedexTests.release.xcconfig */;
			buildSettings = {
				ALWAYS_EMBED_SWIFT_STANDARD_LIBRARIES = "$(inherited)";
				BUNDLE_LOADER = "$(TEST_HOST)";
				CODE_SIGN_STYLE = Automatic;
				INFOPLIST_FILE = PokedexTests/Info.plist;
				IPHONEOS_DEPLOYMENT_TARGET = 13.2;
				LD_RUNPATH_SEARCH_PATHS = (
					"$(inherited)",
					"@executable_path/Frameworks",
					"@loader_path/Frameworks",
				);
				PRODUCT_BUNDLE_IDENTIFIER = com.kshone.PokedexTests;
				PRODUCT_NAME = "$(TARGET_NAME)";
				SWIFT_VERSION = 5.0;
				TARGETED_DEVICE_FAMILY = "1,2";
				TEST_HOST = "$(BUILT_PRODUCTS_DIR)/Pokedex.app/Pokedex";
			};
			name = Release;
		};
		93556AA5241C06AD005D82DA /* Debug */ = {
			isa = XCBuildConfiguration;
			baseConfigurationReference = B9BB6D33692D19B4C65E5F85 /* Pods-Pokedex-PokedexUITests.debug.xcconfig */;
			buildSettings = {
				ALWAYS_EMBED_SWIFT_STANDARD_LIBRARIES = "$(inherited)";
				CODE_SIGN_STYLE = Automatic;
				INFOPLIST_FILE = PokedexUITests/Info.plist;
				LD_RUNPATH_SEARCH_PATHS = (
					"$(inherited)",
					"@executable_path/Frameworks",
					"@loader_path/Frameworks",
				);
				PRODUCT_BUNDLE_IDENTIFIER = com.kshone.PokedexUITests;
				PRODUCT_NAME = "$(TARGET_NAME)";
				SWIFT_VERSION = 5.0;
				TARGETED_DEVICE_FAMILY = "1,2";
				TEST_TARGET_NAME = Pokedex;
			};
			name = Debug;
		};
		93556AA6241C06AD005D82DA /* Release */ = {
			isa = XCBuildConfiguration;
			baseConfigurationReference = 335AFDD8A91E14E7C14CDE79 /* Pods-Pokedex-PokedexUITests.release.xcconfig */;
			buildSettings = {
				ALWAYS_EMBED_SWIFT_STANDARD_LIBRARIES = "$(inherited)";
				CODE_SIGN_STYLE = Automatic;
				INFOPLIST_FILE = PokedexUITests/Info.plist;
				LD_RUNPATH_SEARCH_PATHS = (
					"$(inherited)",
					"@executable_path/Frameworks",
					"@loader_path/Frameworks",
				);
				PRODUCT_BUNDLE_IDENTIFIER = com.kshone.PokedexUITests;
				PRODUCT_NAME = "$(TARGET_NAME)";
				SWIFT_VERSION = 5.0;
				TARGETED_DEVICE_FAMILY = "1,2";
				TEST_TARGET_NAME = Pokedex;
			};
			name = Release;
		};
/* End XCBuildConfiguration section */

/* Begin XCConfigurationList section */
		93556A6F241C06A8005D82DA /* Build configuration list for PBXProject "Pokedex" */ = {
			isa = XCConfigurationList;
			buildConfigurations = (
				93556A9C241C06AD005D82DA /* Debug */,
				93556A9D241C06AD005D82DA /* Release */,
			);
			defaultConfigurationIsVisible = 0;
			defaultConfigurationName = Release;
		};
		93556A9E241C06AD005D82DA /* Build configuration list for PBXNativeTarget "Pokedex" */ = {
			isa = XCConfigurationList;
			buildConfigurations = (
				93556A9F241C06AD005D82DA /* Debug */,
				93556AA0241C06AD005D82DA /* Release */,
			);
			defaultConfigurationIsVisible = 0;
			defaultConfigurationName = Release;
		};
		93556AA1241C06AD005D82DA /* Build configuration list for PBXNativeTarget "PokedexTests" */ = {
			isa = XCConfigurationList;
			buildConfigurations = (
				93556AA2241C06AD005D82DA /* Debug */,
				93556AA3241C06AD005D82DA /* Release */,
			);
			defaultConfigurationIsVisible = 0;
			defaultConfigurationName = Release;
		};
		93556AA4241C06AD005D82DA /* Build configuration list for PBXNativeTarget "PokedexUITests" */ = {
			isa = XCConfigurationList;
			buildConfigurations = (
				93556AA5241C06AD005D82DA /* Debug */,
				93556AA6241C06AD005D82DA /* Release */,
			);
			defaultConfigurationIsVisible = 0;
			defaultConfigurationName = Release;
		};
/* End XCConfigurationList section */
	};
	rootObject = 93556A6C241C06A8005D82DA /* Project object */;
}
