// !$*UTF8*$!
{
	archiveVersion = 1;
	classes = {
	};
	objectVersion = 50;
	objects = {

/* Begin PBXBuildFile section */
		93556A78241C06A8005D82DA /* AppDelegate.swift in Sources */ = {isa = PBXBuildFile; fileRef = 93556A77241C06A8005D82DA /* AppDelegate.swift */; };
		93556A7A241C06A8005D82DA /* SceneDelegate.swift in Sources */ = {isa = PBXBuildFile; fileRef = 93556A79241C06A8005D82DA /* SceneDelegate.swift */; };
		93556A7C241C06A8005D82DA /* ViewController.swift in Sources */ = {isa = PBXBuildFile; fileRef = 93556A7B241C06A8005D82DA /* ViewController.swift */; };
		93556A7F241C06A8005D82DA /* Main.storyboard in Resources */ = {isa = PBXBuildFile; fileRef = 93556A7D241C06A8005D82DA /* Main.storyboard */; };
		93556A81241C06AC005D82DA /* Assets.xcassets in Resources */ = {isa = PBXBuildFile; fileRef = 93556A80241C06AC005D82DA /* Assets.xcassets */; };
		93556A84241C06AC005D82DA /* LaunchScreen.storyboard in Resources */ = {isa = PBXBuildFile; fileRef = 93556A82241C06AC005D82DA /* LaunchScreen.storyboard */; };
		93556A8F241C06AD005D82DA /* PokedexTests.swift in Sources */ = {isa = PBXBuildFile; fileRef = 93556A8E241C06AD005D82DA /* PokedexTests.swift */; };
		93556A9A241C06AD005D82DA /* PokedexUITests.swift in Sources */ = {isa = PBXBuildFile; fileRef = 93556A99241C06AD005D82DA /* PokedexUITests.swift */; };
/* End PBXBuildFile section */

/* Begin PBXContainerItemProxy section */
		93556A8B241C06AD005D82DA /* PBXContainerItemProxy */ = {
			isa = PBXContainerItemProxy;
			containerPortal = 93556A6C241C06A8005D82DA /* Project object */;
			proxyType = 1;
			remoteGlobalIDString = 93556A73241C06A8005D82DA;
			remoteInfo = Pokedex;
		};
		93556A96241C06AD005D82DA /* PBXContainerItemProxy */ = {
			isa = PBXContainerItemProxy;
			containerPortal = 93556A6C241C06A8005D82DA /* Project object */;
			proxyType = 1;
			remoteGlobalIDString = 93556A73241C06A8005D82DA;
			remoteInfo = Pokedex;
		};
/* End PBXContainerItemProxy section */

/* Begin PBXFileReference section */
		93556A74241C06A8005D82DA /* Pokedex.app */ = {isa = PBXFileReference; explicitFileType = wrapper.application; includeInIndex = 0; path = Pokedex.app; sourceTree = BUILT_PRODUCTS_DIR; };
		93556A77241C06A8005D82DA /* AppDelegate.swift */ = {isa = PBXFileReference; lastKnownFileType = sourcecode.swift; path = AppDelegate.swift; sourceTree = "<group>"; };
		93556A79241C06A8005D82DA /* SceneDelegate.swift */ = {isa = PBXFileReference; lastKnownFileType = sourcecode.swift; path = SceneDelegate.swift; sourceTree = "<group>"; };
		93556A7B241C06A8005D82DA /* ViewController.swift */ = {isa = PBXFileReference; lastKnownFileType = sourcecode.swift; path = ViewController.swift; sourceTree = "<group>"; };
		93556A7E241C06A8005D82DA /* Base */ = {isa = PBXFileReference; lastKnownFileType = file.storyboard; name = Base; path = Base.lproj/Main.storyboard; sourceTree = "<group>"; };
		93556A80241C06AC005D82DA /* Assets.xcassets */ = {isa = PBXFileReference; lastKnownFileType = folder.assetcatalog; path = Assets.xcassets; sourceTree = "<group>"; };
		93556A83241C06AC005D82DA /* Base */ = {isa = PBXFileReference; lastKnownFileType = file.storyboard; name = Base; path = Base.lproj/LaunchScreen.storyboard; sourceTree = "<group>"; };
		93556A85241C06AC005D82DA /* Info.plist */ = {isa = PBXFileReference; lastKnownFileType = text.plist.xml; path = Info.plist; sourceTree = "<group>"; };
		93556A8A241C06AD005D82DA /* PokedexTests.xctest */ = {isa = PBXFileReference; explicitFileType = wrapper.cfbundle; includeInIndex = 0; path = PokedexTests.xctest; sourceTree = BUILT_PRODUCTS_DIR; };
		93556A8E241C06AD005D82DA /* PokedexTests.swift */ = {isa = PBXFileReference; lastKnownFileType = sourcecode.swift; path = PokedexTests.swift; sourceTree = "<group>"; };
		93556A90241C06AD005D82DA /* Info.plist */ = {isa = PBXFileReference; lastKnownFileType = text.plist.xml; path = Info.plist; sourceTree = "<group>"; };
		93556A95241C06AD005D82DA /* PokedexUITests.xctest */ = {isa = PBXFileReference; explicitFileType = wrapper.cfbundle; includeInIndex = 0; path = PokedexUITests.xctest; sourceTree = BUILT_PRODUCTS_DIR; };
		93556A99241C06AD005D82DA /* PokedexUITests.swift */ = {isa = PBXFileReference; lastKnownFileType = sourcecode.swift; path = PokedexUITests.swift; sourceTree = "<group>"; };
		93556A9B241C06AD005D82DA /* Info.plist */ = {isa = PBXFileReference; lastKnownFileType = text.plist.xml; path = Info.plist; sourceTree = "<group>"; };
/* End PBXFileReference section */

/* Begin PBXFrameworksBuildPhase section */
		93556A71241C06A8005D82DA /* Frameworks */ = {
			isa = PBXFrameworksBuildPhase;
			buildActionMask = 2147483647;
			files = (
			);
			runOnlyForDeploymentPostprocessing = 0;
		};
		93556A87241C06AD005D82DA /* Frameworks */ = {
			isa = PBXFrameworksBuildPhase;
			buildActionMask = 2147483647;
			files = (
			);
			runOnlyForDeploymentPostprocessing = 0;
		};
		93556A92241C06AD005D82DA /* Frameworks */ = {
			isa = PBXFrameworksBuildPhase;
			buildActionMask = 2147483647;
			files = (
			);
			runOnlyForDeploymentPostprocessing = 0;
		};
/* End PBXFrameworksBuildPhase section */

/* Begin PBXGroup section */
		93556A6B241C06A8005D82DA = {
			isa = PBXGroup;
			children = (
				93556A76241C06A8005D82DA /* Pokedex */,
				93556A8D241C06AD005D82DA /* PokedexTests */,
				93556A98241C06AD005D82DA /* PokedexUITests */,
				93556A75241C06A8005D82DA /* Products */,
			);
			sourceTree = "<group>";
		};
		93556A75241C06A8005D82DA /* Products */ = {
			isa = PBXGroup;
			children = (
				93556A74241C06A8005D82DA /* Pokedex.app */,
				93556A8A241C06AD005D82DA /* PokedexTests.xctest */,
				93556A95241C06AD005D82DA /* PokedexUITests.xctest */,
			);
			name = Products;
			sourceTree = "<group>";
		};
		93556A76241C06A8005D82DA /* Pokedex */ = {
			isa = PBXGroup;
			children = (
				93556A77241C06A8005D82DA /* AppDelegate.swift */,
				93556A79241C06A8005D82DA /* SceneDelegate.swift */,
				93556A7B241C06A8005D82DA /* ViewController.swift */,
				93556A7D241C06A8005D82DA /* Main.storyboard */,
				93556A80241C06AC005D82DA /* Assets.xcassets */,
				93556A82241C06AC005D82DA /* LaunchScreen.storyboard */,
				93556A85241C06AC005D82DA /* Info.plist */,
			);
			path = Pokedex;
			sourceTree = "<group>";
		};
		93556A8D241C06AD005D82DA /* PokedexTests */ = {
			isa = PBXGroup;
			children = (
				93556A8E241C06AD005D82DA /* PokedexTests.swift */,
				93556A90241C06AD005D82DA /* Info.plist */,
			);
			path = PokedexTests;
			sourceTree = "<group>";
		};
		93556A98241C06AD005D82DA /* PokedexUITests */ = {
			isa = PBXGroup;
			children = (
				93556A99241C06AD005D82DA /* PokedexUITests.swift */,
				93556A9B241C06AD005D82DA /* Info.plist */,
			);
			path = PokedexUITests;
			sourceTree = "<group>";
		};
/* End PBXGroup section */

/* Begin PBXNativeTarget section */
		93556A73241C06A8005D82DA /* Pokedex */ = {
			isa = PBXNativeTarget;
			buildConfigurationList = 93556A9E241C06AD005D82DA /* Build configuration list for PBXNativeTarget "Pokedex" */;
			buildPhases = (
				93556A70241C06A8005D82DA /* Sources */,
				93556A71241C06A8005D82DA /* Frameworks */,
				93556A72241C06A8005D82DA /* Resources */,
			);
			buildRules = (
			);
			dependencies = (
			);
			name = Pokedex;
			productName = Pokedex;
			productReference = 93556A74241C06A8005D82DA /* Pokedex.app */;
			productType = "com.apple.product-type.application";
		};
		93556A89241C06AD005D82DA /* PokedexTests */ = {
			isa = PBXNativeTarget;
			buildConfigurationList = 93556AA1241C06AD005D82DA /* Build configuration list for PBXNativeTarget "PokedexTests" */;
			buildPhases = (
				93556A86241C06AD005D82DA /* Sources */,
				93556A87241C06AD005D82DA /* Frameworks */,
				93556A88241C06AD005D82DA /* Resources */,
			);
			buildRules = (
			);
			dependencies = (
				93556A8C241C06AD005D82DA /* PBXTargetDependency */,
			);
			name = PokedexTests;
			productName = PokedexTests;
			productReference = 93556A8A241C06AD005D82DA /* PokedexTests.xctest */;
			productType = "com.apple.product-type.bundle.unit-test";
		};
		93556A94241C06AD005D82DA /* PokedexUITests */ = {
			isa = PBXNativeTarget;
			buildConfigurationList = 93556AA4241C06AD005D82DA /* Build configuration list for PBXNativeTarget "PokedexUITests" */;
			buildPhases = (
				93556A91241C06AD005D82DA /* Sources */,
				93556A92241C06AD005D82DA /* Frameworks */,
				93556A93241C06AD005D82DA /* Resources */,
			);
			buildRules = (
			);
			dependencies = (
				93556A97241C06AD005D82DA /* PBXTargetDependency */,
			);
			name = PokedexUITests;
			productName = PokedexUITests;
			productReference = 93556A95241C06AD005D82DA /* PokedexUITests.xctest */;
			productType = "com.apple.product-type.bundle.ui-testing";
		};
/* End PBXNativeTarget section */

/* Begin PBXProject section */
		93556A6C241C06A8005D82DA /* Project object */ = {
			isa = PBXProject;
			attributes = {
				LastSwiftUpdateCheck = 1130;
				LastUpgradeCheck = 1130;
				ORGANIZATIONNAME = "Juan Navarro";
				TargetAttributes = {
					93556A73241C06A8005D82DA = {
						CreatedOnToolsVersion = 11.3;
					};
					93556A89241C06AD005D82DA = {
						CreatedOnToolsVersion = 11.3;
						TestTargetID = 93556A73241C06A8005D82DA;
					};
					93556A94241C06AD005D82DA = {
						CreatedOnToolsVersion = 11.3;
						TestTargetID = 93556A73241C06A8005D82DA;
					};
				};
			};
			buildConfigurationList = 93556A6F241C06A8005D82DA /* Build configuration list for PBXProject "Pokedex" */;
			compatibilityVersion = "Xcode 9.3";
			developmentRegion = en;
			hasScannedForEncodings = 0;
			knownRegions = (
				en,
				Base,
			);
			mainGroup = 93556A6B241C06A8005D82DA;
			productRefGroup = 93556A75241C06A8005D82DA /* Products */;
			projectDirPath = "";
			projectRoot = "";
			targets = (
				93556A73241C06A8005D82DA /* Pokedex */,
				93556A89241C06AD005D82DA /* PokedexTests */,
				93556A94241C06AD005D82DA /* PokedexUITests */,
			);
		};
/* End PBXProject section */

/* Begin PBXResourcesBuildPhase section */
		93556A72241C06A8005D82DA /* Resources */ = {
			isa = PBXResourcesBuildPhase;
			buildActionMask = 2147483647;
			files = (
				93556A84241C06AC005D82DA /* LaunchScreen.storyboard in Resources */,
				93556A81241C06AC005D82DA /* Assets.xcassets in Resources */,
				93556A7F241C06A8005D82DA /* Main.storyboard in Resources */,
			);
			runOnlyForDeploymentPostprocessing = 0;
		};
		93556A88241C06AD005D82DA /* Resources */ = {
			isa = PBXResourcesBuildPhase;
			buildActionMask = 2147483647;
			files = (
			);
			runOnlyForDeploymentPostprocessing = 0;
		};
		93556A93241C06AD005D82DA /* Resources */ = {
			isa = PBXResourcesBuildPhase;
			buildActionMask = 2147483647;
			files = (
			);
			runOnlyForDeploymentPostprocessing = 0;
		};
/* End PBXResourcesBuildPhase section */

/* Begin PBXSourcesBuildPhase section */
		93556A70241C06A8005D82DA /* Sources */ = {
			isa = PBXSourcesBuildPhase;
			buildActionMask = 2147483647;
			files = (
				93556A7C241C06A8005D82DA /* ViewController.swift in Sources */,
				93556A78241C06A8005D82DA /* AppDelegate.swift in Sources */,
				93556A7A241C06A8005D82DA /* SceneDelegate.swift in Sources */,
			);
			runOnlyForDeploymentPostprocessing = 0;
		};
		93556A86241C06AD005D82DA /* Sources */ = {
			isa = PBXSourcesBuildPhase;
			buildActionMask = 2147483647;
			files = (
				93556A8F241C06AD005D82DA /* PokedexTests.swift in Sources */,
			);
			runOnlyForDeploymentPostprocessing = 0;
		};
		93556A91241C06AD005D82DA /* Sources */ = {
			isa = PBXSourcesBuildPhase;
			buildActionMask = 2147483647;
			files = (
				93556A9A241C06AD005D82DA /* PokedexUITests.swift in Sources */,
			);
			runOnlyForDeploymentPostprocessing = 0;
		};
/* End PBXSourcesBuildPhase section */

/* Begin PBXTargetDependency section */
		93556A8C241C06AD005D82DA /* PBXTargetDependency */ = {
			isa = PBXTargetDependency;
			target = 93556A73241C06A8005D82DA /* Pokedex */;
			targetProxy = 93556A8B241C06AD005D82DA /* PBXContainerItemProxy */;
		};
		93556A97241C06AD005D82DA /* PBXTargetDependency */ = {
			isa = PBXTargetDependency;
			target = 93556A73241C06A8005D82DA /* Pokedex */;
			targetProxy = 93556A96241C06AD005D82DA /* PBXContainerItemProxy */;
		};
/* End PBXTargetDependency section */

/* Begin PBXVariantGroup section */
		93556A7D241C06A8005D82DA /* Main.storyboard */ = {
			isa = PBXVariantGroup;
			children = (
				93556A7E241C06A8005D82DA /* Base */,
			);
			name = Main.storyboard;
			sourceTree = "<group>";
		};
		93556A82241C06AC005D82DA /* LaunchScreen.storyboard */ = {
			isa = PBXVariantGroup;
			children = (
				93556A83241C06AC005D82DA /* Base */,
			);
			name = LaunchScreen.storyboard;
			sourceTree = "<group>";
		};
/* End PBXVariantGroup section */

/* Begin XCBuildConfiguration section */
		93556A9C241C06AD005D82DA /* Debug */ = {
			isa = XCBuildConfiguration;
			buildSettings = {
				ALWAYS_SEARCH_USER_PATHS = NO;
				CLANG_ANALYZER_NONNULL = YES;
				CLANG_ANALYZER_NUMBER_OBJECT_CONVERSION = YES_AGGRESSIVE;
				CLANG_CXX_LANGUAGE_STANDARD = "gnu++14";
				CLANG_CXX_LIBRARY = "libc++";
				CLANG_ENABLE_MODULES = YES;
				CLANG_ENABLE_OBJC_ARC = YES;
				CLANG_ENABLE_OBJC_WEAK = YES;
				CLANG_WARN_BLOCK_CAPTURE_AUTORELEASING = YES;
				CLANG_WARN_BOOL_CONVERSION = YES;
				CLANG_WARN_COMMA = YES;
				CLANG_WARN_CONSTANT_CONVERSION = YES;
				CLANG_WARN_DEPRECATED_OBJC_IMPLEMENTATIONS = YES;
				CLANG_WARN_DIRECT_OBJC_ISA_USAGE = YES_ERROR;
				CLANG_WARN_DOCUMENTATION_COMMENTS = YES;
				CLANG_WARN_EMPTY_BODY = YES;
				CLANG_WARN_ENUM_CONVERSION = YES;
				CLANG_WARN_INFINITE_RECURSION = YES;
				CLANG_WARN_INT_CONVERSION = YES;
				CLANG_WARN_NON_LITERAL_NULL_CONVERSION = YES;
				CLANG_WARN_OBJC_IMPLICIT_RETAIN_SELF = YES;
				CLANG_WARN_OBJC_LITERAL_CONVERSION = YES;
				CLANG_WARN_OBJC_ROOT_CLASS = YES_ERROR;
				CLANG_WARN_RANGE_LOOP_ANALYSIS = YES;
				CLANG_WARN_STRICT_PROTOTYPES = YES;
				CLANG_WARN_SUSPICIOUS_MOVE = YES;
				CLANG_WARN_UNGUARDED_AVAILABILITY = YES_AGGRESSIVE;
				CLANG_WARN_UNREACHABLE_CODE = YES;
				CLANG_WARN__DUPLICATE_METHOD_MATCH = YES;
				COPY_PHASE_STRIP = NO;
				DEBUG_INFORMATION_FORMAT = dwarf;
				ENABLE_STRICT_OBJC_MSGSEND = YES;
				ENABLE_TESTABILITY = YES;
				GCC_C_LANGUAGE_STANDARD = gnu11;
				GCC_DYNAMIC_NO_PIC = NO;
				GCC_NO_COMMON_BLOCKS = YES;
				GCC_OPTIMIZATION_LEVEL = 0;
				GCC_PREPROCESSOR_DEFINITIONS = (
					"DEBUG=1",
					"$(inherited)",
				);
				GCC_WARN_64_TO_32_BIT_CONVERSION = YES;
				GCC_WARN_ABOUT_RETURN_TYPE = YES_ERROR;
				GCC_WARN_UNDECLARED_SELECTOR = YES;
				GCC_WARN_UNINITIALIZED_AUTOS = YES_AGGRESSIVE;
				GCC_WARN_UNUSED_FUNCTION = YES;
				GCC_WARN_UNUSED_VARIABLE = YES;
				IPHONEOS_DEPLOYMENT_TARGET = 13.2;
				MTL_ENABLE_DEBUG_INFO = INCLUDE_SOURCE;
				MTL_FAST_MATH = YES;
				ONLY_ACTIVE_ARCH = YES;
				SDKROOT = iphoneos;
				SWIFT_ACTIVE_COMPILATION_CONDITIONS = DEBUG;
				SWIFT_OPTIMIZATION_LEVEL = "-Onone";
			};
			name = Debug;
		};
		93556A9D241C06AD005D82DA /* Release */ = {
			isa = XCBuildConfiguration;
			buildSettings = {
				ALWAYS_SEARCH_USER_PATHS = NO;
				CLANG_ANALYZER_NONNULL = YES;
				CLANG_ANALYZER_NUMBER_OBJECT_CONVERSION = YES_AGGRESSIVE;
				CLANG_CXX_LANGUAGE_STANDARD = "gnu++14";
				CLANG_CXX_LIBRARY = "libc++";
				CLANG_ENABLE_MODULES = YES;
				CLANG_ENABLE_OBJC_ARC = YES;
				CLANG_ENABLE_OBJC_WEAK = YES;
				CLANG_WARN_BLOCK_CAPTURE_AUTORELEASING = YES;
				CLANG_WARN_BOOL_CONVERSION = YES;
				CLANG_WARN_COMMA = YES;
				CLANG_WARN_CONSTANT_CONVERSION = YES;
				CLANG_WARN_DEPRECATED_OBJC_IMPLEMENTATIONS = YES;
				CLANG_WARN_DIRECT_OBJC_ISA_USAGE = YES_ERROR;
				CLANG_WARN_DOCUMENTATION_COMMENTS = YES;
				CLANG_WARN_EMPTY_BODY = YES;
				CLANG_WARN_ENUM_CONVERSION = YES;
				CLANG_WARN_INFINITE_RECURSION = YES;
				CLANG_WARN_INT_CONVERSION = YES;
				CLANG_WARN_NON_LITERAL_NULL_CONVERSION = YES;
				CLANG_WARN_OBJC_IMPLICIT_RETAIN_SELF = YES;
				CLANG_WARN_OBJC_LITERAL_CONVERSION = YES;
				CLANG_WARN_OBJC_ROOT_CLASS = YES_ERROR;
				CLANG_WARN_RANGE_LOOP_ANALYSIS = YES;
				CLANG_WARN_STRICT_PROTOTYPES = YES;
				CLANG_WARN_SUSPICIOUS_MOVE = YES;
				CLANG_WARN_UNGUARDED_AVAILABILITY = YES_AGGRESSIVE;
				CLANG_WARN_UNREACHABLE_CODE = YES;
				CLANG_WARN__DUPLICATE_METHOD_MATCH = YES;
				COPY_PHASE_STRIP = NO;
				DEBUG_INFORMATION_FORMAT = "dwarf-with-dsym";
				ENABLE_NS_ASSERTIONS = NO;
				ENABLE_STRICT_OBJC_MSGSEND = YES;
				GCC_C_LANGUAGE_STANDARD = gnu11;
				GCC_NO_COMMON_BLOCKS = YES;
				GCC_WARN_64_TO_32_BIT_CONVERSION = YES;
				GCC_WARN_ABOUT_RETURN_TYPE = YES_ERROR;
				GCC_WARN_UNDECLARED_SELECTOR = YES;
				GCC_WARN_UNINITIALIZED_AUTOS = YES_AGGRESSIVE;
				GCC_WARN_UNUSED_FUNCTION = YES;
				GCC_WARN_UNUSED_VARIABLE = YES;
				IPHONEOS_DEPLOYMENT_TARGET = 13.2;
				MTL_ENABLE_DEBUG_INFO = NO;
				MTL_FAST_MATH = YES;
				SDKROOT = iphoneos;
				SWIFT_COMPILATION_MODE = wholemodule;
				SWIFT_OPTIMIZATION_LEVEL = "-O";
				VALIDATE_PRODUCT = YES;
			};
			name = Release;
		};
		93556A9F241C06AD005D82DA /* Debug */ = {
			isa = XCBuildConfiguration;
			buildSettings = {
				ASSETCATALOG_COMPILER_APPICON_NAME = AppIcon;
				CODE_SIGN_STYLE = Automatic;
				INFOPLIST_FILE = Pokedex/Info.plist;
				LD_RUNPATH_SEARCH_PATHS = (
					"$(inherited)",
					"@executable_path/Frameworks",
				);
				PRODUCT_BUNDLE_IDENTIFIER = com.kshone.Pokedex;
				PRODUCT_NAME = "$(TARGET_NAME)";
				SWIFT_VERSION = 5.0;
				TARGETED_DEVICE_FAMILY = "1,2";
			};
			name = Debug;
		};
		93556AA0241C06AD005D82DA /* Release */ = {
			isa = XCBuildConfiguration;
			buildSettings = {
				ASSETCATALOG_COMPILER_APPICON_NAME = AppIcon;
				CODE_SIGN_STYLE = Automatic;
				INFOPLIST_FILE = Pokedex/Info.plist;
				LD_RUNPATH_SEARCH_PATHS = (
					"$(inherited)",
					"@executable_path/Frameworks",
				);
				PRODUCT_BUNDLE_IDENTIFIER = com.kshone.Pokedex;
				PRODUCT_NAME = "$(TARGET_NAME)";
				SWIFT_VERSION = 5.0;
				TARGETED_DEVICE_FAMILY = "1,2";
			};
			name = Release;
		};
		93556AA2241C06AD005D82DA /* Debug */ = {
			isa = XCBuildConfiguration;
			buildSettings = {
				ALWAYS_EMBED_SWIFT_STANDARD_LIBRARIES = YES;
				BUNDLE_LOADER = "$(TEST_HOST)";
				CODE_SIGN_STYLE = Automatic;
				INFOPLIST_FILE = PokedexTests/Info.plist;
				IPHONEOS_DEPLOYMENT_TARGET = 13.2;
				LD_RUNPATH_SEARCH_PATHS = (
					"$(inherited)",
					"@executable_path/Frameworks",
					"@loader_path/Frameworks",
				);
				PRODUCT_BUNDLE_IDENTIFIER = com.kshone.PokedexTests;
				PRODUCT_NAME = "$(TARGET_NAME)";
				SWIFT_VERSION = 5.0;
				TARGETED_DEVICE_FAMILY = "1,2";
				TEST_HOST = "$(BUILT_PRODUCTS_DIR)/Pokedex.app/Pokedex";
			};
			name = Debug;
		};
		93556AA3241C06AD005D82DA /* Release */ = {
			isa = XCBuildConfiguration;
			buildSettings = {
				ALWAYS_EMBED_SWIFT_STANDARD_LIBRARIES = YES;
				BUNDLE_LOADER = "$(TEST_HOST)";
				CODE_SIGN_STYLE = Automatic;
				INFOPLIST_FILE = PokedexTests/Info.plist;
				IPHONEOS_DEPLOYMENT_TARGET = 13.2;
				LD_RUNPATH_SEARCH_PATHS = (
					"$(inherited)",
					"@executable_path/Frameworks",
					"@loader_path/Frameworks",
				);
				PRODUCT_BUNDLE_IDENTIFIER = com.kshone.PokedexTests;
				PRODUCT_NAME = "$(TARGET_NAME)";
				SWIFT_VERSION = 5.0;
				TARGETED_DEVICE_FAMILY = "1,2";
				TEST_HOST = "$(BUILT_PRODUCTS_DIR)/Pokedex.app/Pokedex";
			};
			name = Release;
		};
		93556AA5241C06AD005D82DA /* Debug */ = {
			isa = XCBuildConfiguration;
			buildSettings = {
				ALWAYS_EMBED_SWIFT_STANDARD_LIBRARIES = YES;
				CODE_SIGN_STYLE = Automatic;
				INFOPLIST_FILE = PokedexUITests/Info.plist;
				LD_RUNPATH_SEARCH_PATHS = (
					"$(inherited)",
					"@executable_path/Frameworks",
					"@loader_path/Frameworks",
				);
				PRODUCT_BUNDLE_IDENTIFIER = com.kshone.PokedexUITests;
				PRODUCT_NAME = "$(TARGET_NAME)";
				SWIFT_VERSION = 5.0;
				TARGETED_DEVICE_FAMILY = "1,2";
				TEST_TARGET_NAME = Pokedex;
			};
			name = Debug;
		};
		93556AA6241C06AD005D82DA /* Release */ = {
			isa = XCBuildConfiguration;
			buildSettings = {
				ALWAYS_EMBED_SWIFT_STANDARD_LIBRARIES = YES;
				CODE_SIGN_STYLE = Automatic;
				INFOPLIST_FILE = PokedexUITests/Info.plist;
				LD_RUNPATH_SEARCH_PATHS = (
					"$(inherited)",
					"@executable_path/Frameworks",
					"@loader_path/Frameworks",
				);
				PRODUCT_BUNDLE_IDENTIFIER = com.kshone.PokedexUITests;
				PRODUCT_NAME = "$(TARGET_NAME)";
				SWIFT_VERSION = 5.0;
				TARGETED_DEVICE_FAMILY = "1,2";
				TEST_TARGET_NAME = Pokedex;
			};
			name = Release;
		};
/* End XCBuildConfiguration section */

/* Begin XCConfigurationList section */
		93556A6F241C06A8005D82DA /* Build configuration list for PBXProject "Pokedex" */ = {
			isa = XCConfigurationList;
			buildConfigurations = (
				93556A9C241C06AD005D82DA /* Debug */,
				93556A9D241C06AD005D82DA /* Release */,
			);
			defaultConfigurationIsVisible = 0;
			defaultConfigurationName = Release;
		};
		93556A9E241C06AD005D82DA /* Build configuration list for PBXNativeTarget "Pokedex" */ = {
			isa = XCConfigurationList;
			buildConfigurations = (
				93556A9F241C06AD005D82DA /* Debug */,
				93556AA0241C06AD005D82DA /* Release */,
			);
			defaultConfigurationIsVisible = 0;
			defaultConfigurationName = Release;
		};
		93556AA1241C06AD005D82DA /* Build configuration list for PBXNativeTarget "PokedexTests" */ = {
			isa = XCConfigurationList;
			buildConfigurations = (
				93556AA2241C06AD005D82DA /* Debug */,
				93556AA3241C06AD005D82DA /* Release */,
			);
			defaultConfigurationIsVisible = 0;
			defaultConfigurationName = Release;
		};
		93556AA4241C06AD005D82DA /* Build configuration list for PBXNativeTarget "PokedexUITests" */ = {
			isa = XCConfigurationList;
			buildConfigurations = (
				93556AA5241C06AD005D82DA /* Debug */,
				93556AA6241C06AD005D82DA /* Release */,
			);
			defaultConfigurationIsVisible = 0;
			defaultConfigurationName = Release;
		};
/* End XCConfigurationList section */
	};
	rootObject = 93556A6C241C06A8005D82DA /* Project object */;
}
